
Microsoft Visual Studio Solution File, Format Version 12.00
# Visual Studio Version 16
VisualStudioVersion = 16.0.30204.135
MinimumVisualStudioVersion = 10.0.40219.1
Project("{2150E333-8FDC-42A3-9474-1A3956D46DE8}") = "src", "src", "{E92782CC-47AA-4EEA-A213-35E9818FDFDC}"
EndProject
Project("{2150E333-8FDC-42A3-9474-1A3956D46DE8}") = "App", "App", "{160B5EEF-5853-46C6-A8AF-78B387EEF91D}"
EndProject
Project("{2150E333-8FDC-42A3-9474-1A3956D46DE8}") = "App.Core", "App.Core", "{33FC57BA-CB4D-4CDC-89ED-98AE008797AC}"
EndProject
Project("{2150E333-8FDC-42A3-9474-1A3956D46DE8}") = "test", "test", "{C6FD4CA0-17C8-4DC4-A06E-5850ED4A2857}"
EndProject
Project("{2150E333-8FDC-42A3-9474-1A3956D46DE8}") = "App", "App", "{CD437A4C-42AA-4C53-9DA3-76497255FDC1}"
EndProject
Project("{2150E333-8FDC-42A3-9474-1A3956D46DE8}") = "App.Core", "App.Core", "{62F8984E-E624-451E-9B88-0D623FDFA92A}"
EndProject
Project("{FAE04EC0-301F-11D3-BF4B-00C04F79EFBC}") = "Avaliacao.API01", "src\App\Avaliacao.API01\Avaliacao.API01.csproj", "{588FB242-470A-4319-9C51-CA17BB53D51E}"
EndProject
Project("{FAE04EC0-301F-11D3-BF4B-00C04F79EFBC}") = "Avaliacao.Core.API01", "src\App.Core\Avaliacao.Core.API01\Avaliacao.Core.API01.csproj", "{07AA3D20-F79A-40CF-94D1-8010AEB2D5BC}"
EndProject
Project("{FAE04EC0-301F-11D3-BF4B-00C04F79EFBC}") = "Avaliacao.Core.API02", "src\App.Core\Avaliacao.Core.API02\Avaliacao.Core.API02.csproj", "{5002083C-1649-4F58-8CF0-9EE4BDA5F67C}"
EndProject
Project("{FAE04EC0-301F-11D3-BF4B-00C04F79EFBC}") = "Avaliacao.API01.Test", "test\App\Avaliacao.API01.Test\Avaliacao.API01.Test.csproj", "{55D7A7DD-FF2C-4DE5-8382-9268158F7D2E}"
EndProject
Project("{FAE04EC0-301F-11D3-BF4B-00C04F79EFBC}") = "Avaliacao.API02.Test", "test\App\Avaliacao.API02.Test\Avaliacao.API02.Test.csproj", "{BC8F24F1-8FB2-47B8-972C-01A32DD76EEB}"
EndProject
Project("{FAE04EC0-301F-11D3-BF4B-00C04F79EFBC}") = "Avaliacao.Core.API01.Test", "test\App.Core\Avaliacao.Core.API01.Test\Avaliacao.Core.API01.Test.csproj", "{14D8E125-39FC-47B2-83C7-B6BE84B9CF36}"
EndProject
Project("{FAE04EC0-301F-11D3-BF4B-00C04F79EFBC}") = "Avaliacao.Core.API02.Test", "test\App.Core\Avaliacao.Core.API02.Test\Avaliacao.Core.API02.Test.csproj", "{A399E258-AE22-4663-BA9F-01777098DF08}"
EndProject
Project("{2150E333-8FDC-42A3-9474-1A3956D46DE8}") = "App.Cross", "App.Cross", "{25699601-9A4D-4451-A56C-B024B02FEBD2}"
EndProject
Project("{FAE04EC0-301F-11D3-BF4B-00C04F79EFBC}") = "Avaliacao.Cross", "src\App.Cross\Avaliacao.Cross\Avaliacao.Cross.csproj", "{D562DB11-28DD-49C0-87FA-815E2A12ED42}"
EndProject
Project("{FAE04EC0-301F-11D3-BF4B-00C04F79EFBC}") = "Avaliacao.API02", "src\App\Avaliacao.API02\Avaliacao.API02.csproj", "{30EA1825-8D5E-4181-A175-CAF3BC0F8F8D}"
EndProject
Global
	GlobalSection(SolutionConfigurationPlatforms) = preSolution
		Debug|Any CPU = Debug|Any CPU
		Release|Any CPU = Release|Any CPU
	EndGlobalSection
	GlobalSection(ProjectConfigurationPlatforms) = postSolution
		{588FB242-470A-4319-9C51-CA17BB53D51E}.Debug|Any CPU.ActiveCfg = Debug|Any CPU
		{588FB242-470A-4319-9C51-CA17BB53D51E}.Debug|Any CPU.Build.0 = Debug|Any CPU
		{588FB242-470A-4319-9C51-CA17BB53D51E}.Release|Any CPU.ActiveCfg = Release|Any CPU
		{588FB242-470A-4319-9C51-CA17BB53D51E}.Release|Any CPU.Build.0 = Release|Any CPU
		{07AA3D20-F79A-40CF-94D1-8010AEB2D5BC}.Debug|Any CPU.ActiveCfg = Debug|Any CPU
		{07AA3D20-F79A-40CF-94D1-8010AEB2D5BC}.Debug|Any CPU.Build.0 = Debug|Any CPU
		{07AA3D20-F79A-40CF-94D1-8010AEB2D5BC}.Release|Any CPU.ActiveCfg = Release|Any CPU
		{07AA3D20-F79A-40CF-94D1-8010AEB2D5BC}.Release|Any CPU.Build.0 = Release|Any CPU
		{5002083C-1649-4F58-8CF0-9EE4BDA5F67C}.Debug|Any CPU.ActiveCfg = Debug|Any CPU
		{5002083C-1649-4F58-8CF0-9EE4BDA5F67C}.Debug|Any CPU.Build.0 = Debug|Any CPU
		{5002083C-1649-4F58-8CF0-9EE4BDA5F67C}.Release|Any CPU.ActiveCfg = Release|Any CPU
		{5002083C-1649-4F58-8CF0-9EE4BDA5F67C}.Release|Any CPU.Build.0 = Release|Any CPU
		{55D7A7DD-FF2C-4DE5-8382-9268158F7D2E}.Debug|Any CPU.ActiveCfg = Debug|Any CPU
		{55D7A7DD-FF2C-4DE5-8382-9268158F7D2E}.Debug|Any CPU.Build.0 = Debug|Any CPU
		{55D7A7DD-FF2C-4DE5-8382-9268158F7D2E}.Release|Any CPU.ActiveCfg = Release|Any CPU
		{55D7A7DD-FF2C-4DE5-8382-9268158F7D2E}.Release|Any CPU.Build.0 = Release|Any CPU
		{BC8F24F1-8FB2-47B8-972C-01A32DD76EEB}.Debug|Any CPU.ActiveCfg = Debug|Any CPU
		{BC8F24F1-8FB2-47B8-972C-01A32DD76EEB}.Debug|Any CPU.Build.0 = Debug|Any CPU
		{BC8F24F1-8FB2-47B8-972C-01A32DD76EEB}.Release|Any CPU.ActiveCfg = Release|Any CPU
		{BC8F24F1-8FB2-47B8-972C-01A32DD76EEB}.Release|Any CPU.Build.0 = Release|Any CPU
		{14D8E125-39FC-47B2-83C7-B6BE84B9CF36}.Debug|Any CPU.ActiveCfg = Debug|Any CPU
		{14D8E125-39FC-47B2-83C7-B6BE84B9CF36}.Debug|Any CPU.Build.0 = Debug|Any CPU
		{14D8E125-39FC-47B2-83C7-B6BE84B9CF36}.Release|Any CPU.ActiveCfg = Release|Any CPU
		{14D8E125-39FC-47B2-83C7-B6BE84B9CF36}.Release|Any CPU.Build.0 = Release|Any CPU
		{A399E258-AE22-4663-BA9F-01777098DF08}.Debug|Any CPU.ActiveCfg = Debug|Any CPU
		{A399E258-AE22-4663-BA9F-01777098DF08}.Debug|Any CPU.Build.0 = Debug|Any CPU
		{A399E258-AE22-4663-BA9F-01777098DF08}.Release|Any CPU.ActiveCfg = Release|Any CPU
		{A399E258-AE22-4663-BA9F-01777098DF08}.Release|Any CPU.Build.0 = Release|Any CPU
		{D562DB11-28DD-49C0-87FA-815E2A12ED42}.Debug|Any CPU.ActiveCfg = Debug|Any CPU
		{D562DB11-28DD-49C0-87FA-815E2A12ED42}.Debug|Any CPU.Build.0 = Debug|Any CPU
		{D562DB11-28DD-49C0-87FA-815E2A12ED42}.Release|Any CPU.ActiveCfg = Release|Any CPU
		{D562DB11-28DD-49C0-87FA-815E2A12ED42}.Release|Any CPU.Build.0 = Release|Any CPU
		{30EA1825-8D5E-4181-A175-CAF3BC0F8F8D}.Debug|Any CPU.ActiveCfg = Debug|Any CPU
		{30EA1825-8D5E-4181-A175-CAF3BC0F8F8D}.Debug|Any CPU.Build.0 = Debug|Any CPU
		{30EA1825-8D5E-4181-A175-CAF3BC0F8F8D}.Release|Any CPU.ActiveCfg = Release|Any CPU
		{30EA1825-8D5E-4181-A175-CAF3BC0F8F8D}.Release|Any CPU.Build.0 = Release|Any CPU
	EndGlobalSection
	GlobalSection(SolutionProperties) = preSolution
		HideSolutionNode = FALSE
	EndGlobalSection
	GlobalSection(NestedProjects) = preSolution
		{160B5EEF-5853-46C6-A8AF-78B387EEF91D} = {E92782CC-47AA-4EEA-A213-35E9818FDFDC}
		{33FC57BA-CB4D-4CDC-89ED-98AE008797AC} = {E92782CC-47AA-4EEA-A213-35E9818FDFDC}
		{CD437A4C-42AA-4C53-9DA3-76497255FDC1} = {C6FD4CA0-17C8-4DC4-A06E-5850ED4A2857}
		{62F8984E-E624-451E-9B88-0D623FDFA92A} = {C6FD4CA0-17C8-4DC4-A06E-5850ED4A2857}
		{588FB242-470A-4319-9C51-CA17BB53D51E} = {160B5EEF-5853-46C6-A8AF-78B387EEF91D}
		{07AA3D20-F79A-40CF-94D1-8010AEB2D5BC} = {33FC57BA-CB4D-4CDC-89ED-98AE008797AC}
		{5002083C-1649-4F58-8CF0-9EE4BDA5F67C} = {33FC57BA-CB4D-4CDC-89ED-98AE008797AC}
		{55D7A7DD-FF2C-4DE5-8382-9268158F7D2E} = {CD437A4C-42AA-4C53-9DA3-76497255FDC1}
		{BC8F24F1-8FB2-47B8-972C-01A32DD76EEB} = {CD437A4C-42AA-4C53-9DA3-76497255FDC1}
		{14D8E125-39FC-47B2-83C7-B6BE84B9CF36} = {62F8984E-E624-451E-9B88-0D623FDFA92A}
		{A399E258-AE22-4663-BA9F-01777098DF08} = {62F8984E-E624-451E-9B88-0D623FDFA92A}
		{25699601-9A4D-4451-A56C-B024B02FEBD2} = {E92782CC-47AA-4EEA-A213-35E9818FDFDC}
		{D562DB11-28DD-49C0-87FA-815E2A12ED42} = {25699601-9A4D-4451-A56C-B024B02FEBD2}
		{30EA1825-8D5E-4181-A175-CAF3BC0F8F8D} = {160B5EEF-5853-46C6-A8AF-78B387EEF91D}
	EndGlobalSection
	GlobalSection(ExtensibilityGlobals) = postSolution
		SolutionGuid = {5A6C4FC4-073A-4764-97E6-2D93CDD17BFE}
	EndGlobalSection
EndGlobal
